
Microsoft Visual Studio Solution File, Format Version 12.00
# Visual Studio Version 17
VisualStudioVersion = 17.9.34728.123
MinimumVisualStudioVersion = 10.0.40219.1
Project("{FAE04EC0-301F-11D3-BF4B-00C04F79EFBC}") = "E-Mach_Food-service", "E-Mach_Food-service\E-Mach_Food-service.csproj", "{D545FBDC-1A40-42BB-8125-E4FF39EF31C6}"
EndProject
Global
	GlobalSection(SolutionConfigurationPlatforms) = preSolution
		Debug|Any CPU = Debug|Any CPU
		Release|Any CPU = Release|Any CPU
	EndGlobalSection
	GlobalSection(ProjectConfigurationPlatforms) = postSolution
		{D545FBDC-1A40-42BB-8125-E4FF39EF31C6}.Debug|Any CPU.ActiveCfg = Debug|Any CPU
		{D545FBDC-1A40-42BB-8125-E4FF39EF31C6}.Debug|Any CPU.Build.0 = Debug|Any CPU
		{D545FBDC-1A40-42BB-8125-E4FF39EF31C6}.Release|Any CPU.ActiveCfg = Release|Any CPU
		{D545FBDC-1A40-42BB-8125-E4FF39EF31C6}.Release|Any CPU.Build.0 = Release|Any CPU
	EndGlobalSection
	GlobalSection(SolutionProperties) = preSolution
		HideSolutionNode = FALSE
	EndGlobalSection
	GlobalSection(ExtensibilityGlobals) = postSolution
		SolutionGuid = {3F9B8E10-C963-4785-9683-E0DBFA298AB6}
	EndGlobalSection
EndGlobal
